{
  "name": "cmark",
  "version": "0.0.1",
  "lockfileVersion": 1,
  "dependencies": {
    "bindings": {
      "version": "https://registry.npmjs.org/bindings/-/bindings-1.2.1.tgz",
      "integrity": "sha1-FK1hE4EtLTfXLme0ystLtyZQXxE="
    },
    "nan": {
      "version": "https://registry.npmjs.org/nan/-/nan-2.6.1.tgz",
      "integrity": "sha1-jIT3sUyWuJ9X+8g4ASGA7IyjmgE="
    }
  }
}
